
Microsoft Visual Studio Solution File, Format Version 12.00
# Visual Studio Version 17
VisualStudioVersion = 17.2.32505.173
MinimumVisualStudioVersion = 10.0.40219.1
Project("{FAE04EC0-301F-11D3-BF4B-00C04F79EFBC}") = "MathGame", "MathGame\MathGame.csproj", "{82D669F0-3B68-4917-9201-FCC073E9D255}"
EndProject
Global
	GlobalSection(SolutionConfigurationPlatforms) = preSolution
		Debug|Any CPU = Debug|Any CPU
		Release|Any CPU = Release|Any CPU
	EndGlobalSection
	GlobalSection(ProjectConfigurationPlatforms) = postSolution
		{82D669F0-3B68-4917-9201-FCC073E9D255}.Debug|Any CPU.ActiveCfg = Debug|Any CPU
		{82D669F0-3B68-4917-9201-FCC073E9D255}.Debug|Any CPU.Build.0 = Debug|Any CPU
		{82D669F0-3B68-4917-9201-FCC073E9D255}.Release|Any CPU.ActiveCfg = Release|Any CPU
		{82D669F0-3B68-4917-9201-FCC073E9D255}.Release|Any CPU.Build.0 = Release|Any CPU
	EndGlobalSection
	GlobalSection(SolutionProperties) = preSolution
		HideSolutionNode = FALSE
	EndGlobalSection
	GlobalSection(ExtensibilityGlobals) = postSolution
		SolutionGuid = {172C85B1-ECE2-4BDD-8845-3CE4B1CF3C4B}
	EndGlobalSection
EndGlobal
